
Microsoft Visual Studio Solution File, Format Version 12.00
# Visual Studio Version 17
VisualStudioVersion = 17.13.35828.75
MinimumVisualStudioVersion = 10.0.40219.1
Project("{FAE04EC0-301F-11D3-BF4B-00C04F79EFBC}") = "Desafio-BackEnd", "Desafio-BackEnd\Desafio-BackEnd.csproj", "{39E5B14E-6218-4E07-8C91-69DD089A48B4}"
EndProject
Project("{FAE04EC0-301F-11D3-BF4B-00C04F79EFBC}") = "Desafio-BackEnd.Domain", "Desafio-BackEnd.Domain\Desafio-BackEnd.Domain.csproj", "{19CCB870-99EE-4616-9F81-0092C1B66918}"
EndProject
Project("{FAE04EC0-301F-11D3-BF4B-00C04F79EFBC}") = "Desafio-BackEnd.Services", "Desafio-BackEnd.Services\Desafio-BackEnd.Services.csproj", "{4D36A943-A57C-441A-BA98-0532C081F158}"
EndProject
Project("{FAE04EC0-301F-11D3-BF4B-00C04F79EFBC}") = "Desafio-BackEnd.Data", "Desafio-BackEnd.Data\Desafio-BackEnd.Data.csproj", "{17B3BAA7-43B0-421F-8AC4-3A838E0FDD23}"
EndProject
Project("{FAE04EC0-301F-11D3-BF4B-00C04F79EFBC}") = "Desafio-BackEnd.Tests.Unit", "Desafio-BackEnd.Tests.Unit\Desafio-BackEnd.Tests.Unit.csproj", "{1E30F5B9-82B3-4DC4-AD28-9C2AD9E2F853}"
EndProject
Project("{FAE04EC0-301F-11D3-BF4B-00C04F79EFBC}") = "Desafio-BackEnd.Tests.Integration", "Desafio-BackEnd.Tests.Integration\Desafio-BackEnd.Tests.Integration.csproj", "{11A2AF1A-345F-406D-95BC-98D2964FD3FE}"
EndProject
Project("{FAE04EC0-301F-11D3-BF4B-00C04F79EFBC}") = "Desafio-BackEnd.Utils", "Desafio-BackEnd.Utils\Desafio-BackEnd.Utils.csproj", "{C31A1A1B-B358-4F96-80C5-1E6A11D5D512}"
EndProject
Global
	GlobalSection(SolutionConfigurationPlatforms) = preSolution
		Debug|Any CPU = Debug|Any CPU
		Release|Any CPU = Release|Any CPU
	EndGlobalSection
	GlobalSection(ProjectConfigurationPlatforms) = postSolution
		{39E5B14E-6218-4E07-8C91-69DD089A48B4}.Debug|Any CPU.ActiveCfg = Debug|Any CPU
		{39E5B14E-6218-4E07-8C91-69DD089A48B4}.Debug|Any CPU.Build.0 = Debug|Any CPU
		{39E5B14E-6218-4E07-8C91-69DD089A48B4}.Release|Any CPU.ActiveCfg = Release|Any CPU
		{39E5B14E-6218-4E07-8C91-69DD089A48B4}.Release|Any CPU.Build.0 = Release|Any CPU
		{19CCB870-99EE-4616-9F81-0092C1B66918}.Debug|Any CPU.ActiveCfg = Debug|Any CPU
		{19CCB870-99EE-4616-9F81-0092C1B66918}.Debug|Any CPU.Build.0 = Debug|Any CPU
		{19CCB870-99EE-4616-9F81-0092C1B66918}.Release|Any CPU.ActiveCfg = Release|Any CPU
		{19CCB870-99EE-4616-9F81-0092C1B66918}.Release|Any CPU.Build.0 = Release|Any CPU
		{4D36A943-A57C-441A-BA98-0532C081F158}.Debug|Any CPU.ActiveCfg = Debug|Any CPU
		{4D36A943-A57C-441A-BA98-0532C081F158}.Debug|Any CPU.Build.0 = Debug|Any CPU
		{4D36A943-A57C-441A-BA98-0532C081F158}.Release|Any CPU.ActiveCfg = Release|Any CPU
		{4D36A943-A57C-441A-BA98-0532C081F158}.Release|Any CPU.Build.0 = Release|Any CPU
		{17B3BAA7-43B0-421F-8AC4-3A838E0FDD23}.Debug|Any CPU.ActiveCfg = Debug|Any CPU
		{17B3BAA7-43B0-421F-8AC4-3A838E0FDD23}.Debug|Any CPU.Build.0 = Debug|Any CPU
		{17B3BAA7-43B0-421F-8AC4-3A838E0FDD23}.Release|Any CPU.ActiveCfg = Release|Any CPU
		{17B3BAA7-43B0-421F-8AC4-3A838E0FDD23}.Release|Any CPU.Build.0 = Release|Any CPU
		{1E30F5B9-82B3-4DC4-AD28-9C2AD9E2F853}.Debug|Any CPU.ActiveCfg = Debug|Any CPU
		{1E30F5B9-82B3-4DC4-AD28-9C2AD9E2F853}.Debug|Any CPU.Build.0 = Debug|Any CPU
		{1E30F5B9-82B3-4DC4-AD28-9C2AD9E2F853}.Release|Any CPU.ActiveCfg = Release|Any CPU
		{1E30F5B9-82B3-4DC4-AD28-9C2AD9E2F853}.Release|Any CPU.Build.0 = Release|Any CPU
		{11A2AF1A-345F-406D-95BC-98D2964FD3FE}.Debug|Any CPU.ActiveCfg = Debug|Any CPU
		{11A2AF1A-345F-406D-95BC-98D2964FD3FE}.Debug|Any CPU.Build.0 = Debug|Any CPU
		{11A2AF1A-345F-406D-95BC-98D2964FD3FE}.Release|Any CPU.ActiveCfg = Release|Any CPU
		{11A2AF1A-345F-406D-95BC-98D2964FD3FE}.Release|Any CPU.Build.0 = Release|Any CPU
		{C31A1A1B-B358-4F96-80C5-1E6A11D5D512}.Debug|Any CPU.ActiveCfg = Debug|Any CPU
		{C31A1A1B-B358-4F96-80C5-1E6A11D5D512}.Debug|Any CPU.Build.0 = Debug|Any CPU
		{C31A1A1B-B358-4F96-80C5-1E6A11D5D512}.Release|Any CPU.ActiveCfg = Release|Any CPU
		{C31A1A1B-B358-4F96-80C5-1E6A11D5D512}.Release|Any CPU.Build.0 = Release|Any CPU
	EndGlobalSection
	GlobalSection(SolutionProperties) = preSolution
		HideSolutionNode = FALSE
	EndGlobalSection
	GlobalSection(ExtensibilityGlobals) = postSolution
		SolutionGuid = {33CCB1BB-AE37-4D4C-B768-9DF44F622A62}
	EndGlobalSection
EndGlobal
